
Microsoft Visual Studio Solution File, Format Version 12.00
# Visual Studio 15
VisualStudioVersion = 15.0.27004.2010
MinimumVisualStudioVersion = 10.0.40219.1
Project("{9A19103F-16F7-4668-BE54-9A1E7A4F7556}") = "ImageHash", "src\ImageHash\ImageHash.csproj", "{466FAF4C-F68A-441A-AA13-4A2F061AD478}"
EndProject
Project("{9A19103F-16F7-4668-BE54-9A1E7A4F7556}") = "ImageHash.Test", "tests\ImageHash.Test\ImageHash.Test.csproj", "{BFF28DB8-5C1D-456F-8961-6B890E13397E}"
EndProject
Global
	GlobalSection(SolutionConfigurationPlatforms) = preSolution
		Debug|Any CPU = Debug|Any CPU
		Release|Any CPU = Release|Any CPU
	EndGlobalSection
	GlobalSection(ProjectConfigurationPlatforms) = postSolution
		{466FAF4C-F68A-441A-AA13-4A2F061AD478}.Debug|Any CPU.ActiveCfg = Debug|Any CPU
		{466FAF4C-F68A-441A-AA13-4A2F061AD478}.Debug|Any CPU.Build.0 = Debug|Any CPU
		{466FAF4C-F68A-441A-AA13-4A2F061AD478}.Release|Any CPU.ActiveCfg = Release|Any CPU
		{466FAF4C-F68A-441A-AA13-4A2F061AD478}.Release|Any CPU.Build.0 = Release|Any CPU
		{BFF28DB8-5C1D-456F-8961-6B890E13397E}.Debug|Any CPU.ActiveCfg = Debug|Any CPU
		{BFF28DB8-5C1D-456F-8961-6B890E13397E}.Debug|Any CPU.Build.0 = Debug|Any CPU
		{BFF28DB8-5C1D-456F-8961-6B890E13397E}.Release|Any CPU.ActiveCfg = Release|Any CPU
		{BFF28DB8-5C1D-456F-8961-6B890E13397E}.Release|Any CPU.Build.0 = Release|Any CPU
	EndGlobalSection
	GlobalSection(SolutionProperties) = preSolution
		HideSolutionNode = FALSE
	EndGlobalSection
	GlobalSection(ExtensibilityGlobals) = postSolution
		SolutionGuid = {8A652A24-5232-438B-8750-FC68F6E36BCC}
	EndGlobalSection
EndGlobal
